
Microsoft Visual Studio Solution File, Format Version 12.00
# Visual Studio Version 17
VisualStudioVersion = 17.13.35931.197 d17.13
MinimumVisualStudioVersion = 10.0.40219.1
Project("{FAE04EC0-301F-11D3-BF4B-00C04F79EFBC}") = "JsonContextDb.JsonContext", "JsonContextDb.JsonContext\JsonContextDb.JsonContext.csproj", "{6042547C-3318-45F6-B233-AC6EA5E1CD88}"
EndProject
Project("{FAE04EC0-301F-11D3-BF4B-00C04F79EFBC}") = "JsonContextDb.TestApp", "JsonContextDb.TestApp\JsonContextDb.TestApp.csproj", "{1E343643-B9AE-4BCE-A872-A36E653E1119}"
EndProject
Global
	GlobalSection(SolutionConfigurationPlatforms) = preSolution
		Debug|Any CPU = Debug|Any CPU
		Release|Any CPU = Release|Any CPU
	EndGlobalSection
	GlobalSection(ProjectConfigurationPlatforms) = postSolution
		{6042547C-3318-45F6-B233-AC6EA5E1CD88}.Debug|Any CPU.ActiveCfg = Debug|Any CPU
		{6042547C-3318-45F6-B233-AC6EA5E1CD88}.Debug|Any CPU.Build.0 = Debug|Any CPU
		{6042547C-3318-45F6-B233-AC6EA5E1CD88}.Release|Any CPU.ActiveCfg = Release|Any CPU
		{6042547C-3318-45F6-B233-AC6EA5E1CD88}.Release|Any CPU.Build.0 = Release|Any CPU
		{1E343643-B9AE-4BCE-A872-A36E653E1119}.Debug|Any CPU.ActiveCfg = Debug|Any CPU
		{1E343643-B9AE-4BCE-A872-A36E653E1119}.Debug|Any CPU.Build.0 = Debug|Any CPU
		{1E343643-B9AE-4BCE-A872-A36E653E1119}.Release|Any CPU.ActiveCfg = Release|Any CPU
		{1E343643-B9AE-4BCE-A872-A36E653E1119}.Release|Any CPU.Build.0 = Release|Any CPU
	EndGlobalSection
	GlobalSection(SolutionProperties) = preSolution
		HideSolutionNode = FALSE
	EndGlobalSection
	GlobalSection(ExtensibilityGlobals) = postSolution
		SolutionGuid = {F56F2942-E326-4819-9E63-6CF9F44832E4}
	EndGlobalSection
EndGlobal
